
Microsoft Visual Studio Solution File, Format Version 12.00
# Visual Studio Version 16
VisualStudioVersion = 16.0.29519.87
MinimumVisualStudioVersion = 10.0.40219.1
Project("{FAE04EC0-301F-11D3-BF4B-00C04F79EFBC}") = "Raytracing_OvsMur", "Raytracing_OvsMur\Raytracing_OvsMur.csproj", "{AEC643D5-3864-4312-B09A-CB6BA33B8972}"
EndProject
Global
	GlobalSection(SolutionConfigurationPlatforms) = preSolution
		Debug|Any CPU = Debug|Any CPU
		Release|Any CPU = Release|Any CPU
	EndGlobalSection
	GlobalSection(ProjectConfigurationPlatforms) = postSolution
		{AEC643D5-3864-4312-B09A-CB6BA33B8972}.Debug|Any CPU.ActiveCfg = Debug|Any CPU
		{AEC643D5-3864-4312-B09A-CB6BA33B8972}.Debug|Any CPU.Build.0 = Debug|Any CPU
		{AEC643D5-3864-4312-B09A-CB6BA33B8972}.Release|Any CPU.ActiveCfg = Release|Any CPU
		{AEC643D5-3864-4312-B09A-CB6BA33B8972}.Release|Any CPU.Build.0 = Release|Any CPU
	EndGlobalSection
	GlobalSection(SolutionProperties) = preSolution
		HideSolutionNode = FALSE
	EndGlobalSection
	GlobalSection(ExtensibilityGlobals) = postSolution
		SolutionGuid = {94008314-C2D4-460A-937E-C3B5F31EB947}
	EndGlobalSection
EndGlobal
